{
  "name": "@yohi/opencode-plugin-chronos-gate",
  "version": "1.2.0",
  "lockfileVersion": 3,
  "requires": true,
  "packages": {
    "": {
      "name": "@yohi/opencode-plugin-chronos-gate",
      "version": "1.2.0",
      "devDependencies": {},
      "engines": {
        "node": ">=26.0.0"
      }
    }
  }
}
